# This file was autogenerated by Stack.
# You should not edit this file by hand.
# For more information, please see the documentation at:
#   https://docs.haskellstack.org/en/stable/lock_files

packages:
- completed:
    size: 143587
    subdir: library
    url: https://github.com/alpacaaa/zero-bullshit-haskell/archive/master.tar.gz
    cabal-file:
      size: 2123
      sha256: 678943898d50683852beb220f9d12c130122a45f18fd041dd7a05c8ee59c39a1
    name: zero-bullshit
    version: 0.1.0.0
    sha256: 6d7973db72cb9d266b29925f0ffa9183b38fe9ef3c76d860bcf59d2cec866014
    pantry-tree:
      size: 166
      sha256: 8031a21ba83a84bbcecf003f41189cc0bce464338e6bcf7743ce0361b439fe1a
  original:
    subdir: library
    url: https://github.com/alpacaaa/zero-bullshit-haskell/archive/master.tar.gz
- completed:
    hackage: hindent-5.3.0@sha256:ba915086b426771debeaf593df4bbd8ab187aff3bfe147cecf82274eec406a2c,3452
    pantry-tree:
      size: 1027
      sha256: 0fcf52c151e79ba5beeaa04afcc93e372eb13860ac82669e0fe744ba79b4f70c
  original:
    hackage: hindent-5.3.0@sha256:ba915086b426771debeaf593df4bbd8ab187aff3bfe147cecf82274eec406a2c,3452
snapshots:
- completed:
    size: 499461
    url: https://raw.githubusercontent.com/commercialhaskell/stackage-snapshots/master/lts/13/25.yaml
    sha256: aed98969628e20615e96b06083c933c7e3354ae56b08b75e607a26569225d6c0
  original: lts-13.25
